PODS:
  - FURenderKit (8.3.0)
  - SVProgressHUD (2.2.5)
  - ZegoLiveRoom (6.13.1.22827):
    - ZegoLiveRoom/Basic (= 6.13.1.22827)
  - ZegoLiveRoom/Basic (6.13.1.22827)

DEPENDENCIES:
  - FURenderKit (~> 8.3.0)
  - SVProgressHUD
  - ZegoLiveRoom

SPEC REPOS:
  https://mirrors.tuna.tsinghua.edu.cn/git/CocoaPods/Specs.git:
    - FURenderKit
    - SVProgressHUD
    - ZegoLiveRoom

SPEC CHECKSUMS:
  FURenderKit: 3cd05abd03134d287a1d63cbaaeb95d304ba6bd6
  SVProgressHUD: 1428aafac632c1f86f62aa4243ec12008d7a51d6
  ZegoLiveRoom: 1a6c8013a99798b39b7ae3f03c9cadafa0db49e3

PODFILE CHECKSUM: c777920c92e4db4be060f616c01953ee4c82e1fc

COCOAPODS: 1.11.3
