PODS:
  - FURenderKit_nama (8.13.0)
  - SVProgressHUD (2.2.5)
  - ZegoLiveRoom (6.13.1.22827):
    - ZegoLiveRoom/Basic (= 6.13.1.22827)
  - ZegoLiveRoom/Basic (6.13.1.22827)

DEPENDENCIES:
  - FURenderKit_nama (~> 8.13.0)
  - SVProgressHUD
  - ZegoLiveRoom

SPEC REPOS:
  https://mirrors.tuna.tsinghua.edu.cn/git/CocoaPods/Specs.git:
    - FURenderKit_nama
    - SVProgressHUD
    - ZegoLiveRoom

SPEC CHECKSUMS:
  FURenderKit_nama: 0737ac79ece72d2a23b56887cf57d70edb9586fe
  SVProgressHUD: 1428aafac632c1f86f62aa4243ec12008d7a51d6
  ZegoLiveRoom: 1a6c8013a99798b39b7ae3f03c9cadafa0db49e3

PODFILE CHECKSUM: eb2f854a2ec911373747a3607dac230ec5e99282

COCOAPODS: 1.16.2
